
Microsoft Visual Studio Solution File, Format Version 12.00
# Visual Studio Version 17
VisualStudioVersion = 17.9.34622.214
MinimumVisualStudioVersion = 10.0.40219.1
Project("{FAE04EC0-301F-11D3-BF4B-00C04F79EFBC}") = "PatientCareSystem", "PatientCareSystem\PatientCareSystem.csproj", "{C55CAC6A-70A7-4C27-AD51-5CF5568077A7}"
EndProject
Global
	GlobalSection(SolutionConfigurationPlatforms) = preSolution
		Debug|Any CPU = Debug|Any CPU
		Release|Any CPU = Release|Any CPU
	EndGlobalSection
	GlobalSection(ProjectConfigurationPlatforms) = postSolution
		{C55CAC6A-70A7-4C27-AD51-5CF5568077A7}.Debug|Any CPU.ActiveCfg = Debug|Any CPU
		{C55CAC6A-70A7-4C27-AD51-5CF5568077A7}.Debug|Any CPU.Build.0 = Debug|Any CPU
		{C55CAC6A-70A7-4C27-AD51-5CF5568077A7}.Release|Any CPU.ActiveCfg = Release|Any CPU
		{C55CAC6A-70A7-4C27-AD51-5CF5568077A7}.Release|Any CPU.Build.0 = Release|Any CPU
	EndGlobalSection
	GlobalSection(SolutionProperties) = preSolution
		HideSolutionNode = FALSE
	EndGlobalSection
	GlobalSection(ExtensibilityGlobals) = postSolution
		SolutionGuid = {57934FBC-6276-4B4F-8217-9F6BF74DF9BD}
	EndGlobalSection
EndGlobal
